schema: '2.0'
stages:
  data_ingestion:
    cmd: python End_To_End_ML_Pipeline_With_DVC/src/data_ingestion.py
    deps:
    - path: End_To_End_ML_Pipeline_With_DVC/src/data_ingestion.py
      hash: md5
      md5: 7b38aaa13ed333f630a9068c9df0a10b
      size: 3594
    outs:
    - path: data/raw
      hash: md5
      md5: 3b3cf3a9ca588cc150553eee569b3fe3.dir
      size: 484846
      nfiles: 2
  data_preprocessing:
    cmd: python End_To_End_ML_Pipeline_With_DVC/src/data_preprocessing.py
    deps:
    - path: End_To_End_ML_Pipeline_With_DVC/src/data_preprocessing.py
      hash: md5
      md5: 9feb6782a8132e05640739523ad31a98
      size: 4509
    - path: data/raw
      hash: md5
      md5: 3b3cf3a9ca588cc150553eee569b3fe3.dir
      size: 484846
      nfiles: 2
    outs:
    - path: data/interim
      hash: md5
      md5: 5223c6e822936187149fedc498930cf6.dir
      size: 261909
      nfiles: 2
  Feature_Engineering:
    cmd: python End_To_End_ML_Pipeline_With_DVC/src/Feature_Engineering.py
    deps:
    - path: End_To_End_ML_Pipeline_With_DVC/src/Feature_Engineering.py
      hash: md5
      md5: 4c307dd6d263935265bd4f566eef4fc0
      size: 4174
    - path: data/interim
      hash: md5
      md5: 5223c6e822936187149fedc498930cf6.dir
      size: 261909
      nfiles: 2
    outs:
    - path: data/processed
      hash: md5
      md5: 91030168afb4b320934f2532d6691321.dir
      size: 1186348
      nfiles: 2
  model_training:
    cmd: python End_To_End_ML_Pipeline_With_DVC/src/model_training.py
    deps:
    - path: End_To_End_ML_Pipeline_With_DVC/src/model_training.py
      hash: md5
      md5: 398a5f12c24b1bf462205a6260dde0ee
      size: 3967
    - path: data/processed
      hash: md5
      md5: 91030168afb4b320934f2532d6691321.dir
      size: 1186348
      nfiles: 2
    outs:
    - path: models/random_forest_model.pkl
      hash: md5
      md5: 2123be36be965b4192052546c2d59ca5
      size: 1051895
  model_Evaluation:
    cmd: python End_To_End_ML_Pipeline_With_DVC/src/model_Evaluation.py
    deps:
    - path: End_To_End_ML_Pipeline_With_DVC/src/model_Evaluation.py
      hash: md5
      md5: 5eaffc31fa06cf768bc1a00ea7166ce5
      size: 4471
    - path: data/processed
      hash: md5
      md5: 91030168afb4b320934f2532d6691321.dir
      size: 1186348
      nfiles: 2
    - path: models/random_forest_model.pkl
      hash: md5
      md5: 2123be36be965b4192052546c2d59ca5
      size: 1051895
    outs:
    - path: ./reports/metrics/model_evaluation_metrics.json
      hash: md5
      md5: c78cad8e71178eaf19dba6fea9941560
      size: 140
