schema: '2.0'
stages:
  data_ingestion:
    cmd: python End_To_End_ML_Pipeline_With_DVC/src/data_ingestion.py
    deps:
    - path: End_To_End_ML_Pipeline_With_DVC/src/data_ingestion.py
      hash: md5
      md5: e418be66a312f273e9ff79f645c94eac
      size: 4408
    params:
      params.yaml:
        data_ingestion.test_size: 0.25
    outs:
    - path: data/raw
      hash: md5
      md5: 88d82724c73a1f00d449f689df79275d.dir
      size: 484846
      nfiles: 2
  data_preprocessing:
    cmd: python End_To_End_ML_Pipeline_With_DVC/src/data_preprocessing.py
    deps:
    - path: End_To_End_ML_Pipeline_With_DVC/src/data_preprocessing.py
      hash: md5
      md5: 9feb6782a8132e05640739523ad31a98
      size: 4509
    - path: data/raw
      hash: md5
      md5: 88d82724c73a1f00d449f689df79275d.dir
      size: 484846
      nfiles: 2
    outs:
    - path: data/interim
      hash: md5
      md5: 34bb83023e6416ff318ed6f5c0a8e3e6.dir
      size: 262748
      nfiles: 2
  Feature_Engineering:
    cmd: python End_To_End_ML_Pipeline_With_DVC/src/Feature_Engineering.py
    deps:
    - path: End_To_End_ML_Pipeline_With_DVC/src/Feature_Engineering.py
      hash: md5
      md5: e7493cddc8bd8a516051a7043a88a9a1
      size: 4964
    - path: data/interim
      hash: md5
      md5: 34bb83023e6416ff318ed6f5c0a8e3e6.dir
      size: 262748
      nfiles: 2
    params:
      params.yaml:
        Feature_Engineering.max_features: 55
    outs:
    - path: data/processed
      hash: md5
      md5: 3f91979207af206f86761715a169d2ec.dir
      size: 1304433
      nfiles: 2
  model_training:
    cmd: python End_To_End_ML_Pipeline_With_DVC/src/model_training.py
    deps:
    - path: End_To_End_ML_Pipeline_With_DVC/src/model_training.py
      hash: md5
      md5: a7cdbff466e93abb47be7f461cff5187
      size: 4679
    - path: data/processed
      hash: md5
      md5: 3f91979207af206f86761715a169d2ec.dir
      size: 1304433
      nfiles: 2
    params:
      params.yaml:
        model_training.n_estimators: 25
        model_training.random_state: 2
    outs:
    - path: models/random_forest_model.pkl
      hash: md5
      md5: eef8b54be9abd502be660211237cd95b
      size: 1073975
  model_Evaluation:
    cmd: python End_To_End_ML_Pipeline_With_DVC/src/model_Evaluation.py
    deps:
    - path: End_To_End_ML_Pipeline_With_DVC/src/model_Evaluation.py
      hash: md5
      md5: 5aa7893d41396f23be668cec23bf7490
      size: 5610
    - path: data/processed/test_vectorized.csv
      hash: md5
      md5: 0ee7cec0593ce48f92a2df2125ce617c
      size: 330517
    - path: models/random_forest_model.pkl
      hash: md5
      md5: eef8b54be9abd502be660211237cd95b
      size: 1073975
    outs:
    - path: ./reports/metrics/model_evaluation_metrics.json
      hash: md5
      md5: 3775283088c5934b4e065584fc47ac9d
      size: 140
